
Microsoft Visual Studio Solution File, Format Version 12.00
Project("{FAE04EC0-301F-11D3-BF4B-00C04F79EFBC}") = "FutureAndCallbacks", "FutureAndCallbacks\FutureAndCallbacks.csproj", "{4C925D23-F11A-4B1B-8FAE-EB4CF2BDE25E}"
EndProject
Project("{FAE04EC0-301F-11D3-BF4B-00C04F79EFBC}") = "ParallelizingTechniques", "ParallelizingTechniques\ParallelizingTechniques.csproj", "{59CACD98-8008-4891-AF94-DF608BEA78B9}"
EndProject
Project("{FAE04EC0-301F-11D3-BF4B-00C04F79EFBC}") = "ParallelHamiltonCycle", "ParallelHamiltonCycle\ParallelHamiltonCycle.csproj", "{28C99D25-F391-4624-A163-E78478D30BA1}"
EndProject
Global
	GlobalSection(SolutionConfigurationPlatforms) = preSolution
		Debug|Any CPU = Debug|Any CPU
		Release|Any CPU = Release|Any CPU
	EndGlobalSection
	GlobalSection(ProjectConfigurationPlatforms) = postSolution
		{4C925D23-F11A-4B1B-8FAE-EB4CF2BDE25E}.Debug|Any CPU.ActiveCfg = Debug|Any CPU
		{4C925D23-F11A-4B1B-8FAE-EB4CF2BDE25E}.Debug|Any CPU.Build.0 = Debug|Any CPU
		{4C925D23-F11A-4B1B-8FAE-EB4CF2BDE25E}.Release|Any CPU.ActiveCfg = Release|Any CPU
		{4C925D23-F11A-4B1B-8FAE-EB4CF2BDE25E}.Release|Any CPU.Build.0 = Release|Any CPU
		{59CACD98-8008-4891-AF94-DF608BEA78B9}.Debug|Any CPU.ActiveCfg = Debug|Any CPU
		{59CACD98-8008-4891-AF94-DF608BEA78B9}.Debug|Any CPU.Build.0 = Debug|Any CPU
		{59CACD98-8008-4891-AF94-DF608BEA78B9}.Release|Any CPU.ActiveCfg = Release|Any CPU
		{59CACD98-8008-4891-AF94-DF608BEA78B9}.Release|Any CPU.Build.0 = Release|Any CPU
		{28C99D25-F391-4624-A163-E78478D30BA1}.Debug|Any CPU.ActiveCfg = Debug|Any CPU
		{28C99D25-F391-4624-A163-E78478D30BA1}.Debug|Any CPU.Build.0 = Debug|Any CPU
		{28C99D25-F391-4624-A163-E78478D30BA1}.Release|Any CPU.ActiveCfg = Release|Any CPU
		{28C99D25-F391-4624-A163-E78478D30BA1}.Release|Any CPU.Build.0 = Release|Any CPU
	EndGlobalSection
EndGlobal
